// !$*UTF8*$!
{
	archiveVersion = 1;
	classes = {
	};
	objectVersion = 50;
	objects = {

/* Begin PBXBuildFile section */
		14F740D420F350CD00A3B431 /* AppDelegate.swift in Sources */ = {isa = PBXBuildFile; fileRef = 14F740D320F350CD00A3B431 /* AppDelegate.swift */; };
		14F740D620F350CD00A3B431 /* ViewController.swift in Sources */ = {isa = PBXBuildFile; fileRef = 14F740D520F350CD00A3B431 /* ViewController.swift */; };
		14F740D920F350CD00A3B431 /* Main.storyboard in Resources */ = {isa = PBXBuildFile; fileRef = 14F740D720F350CD00A3B431 /* Main.storyboard */; };
		14F740DB20F350CE00A3B431 /* Assets.xcassets in Resources */ = {isa = PBXBuildFile; fileRef = 14F740DA20F350CE00A3B431 /* Assets.xcassets */; };
		14F740DE20F350CE00A3B431 /* LaunchScreen.storyboard in Resources */ = {isa = PBXBuildFile; fileRef = 14F740DC20F350CE00A3B431 /* LaunchScreen.storyboard */; };
		14F740E920F350CE00A3B431 /* _234567890Tests.swift in Sources */ = {isa = PBXBuildFile; fileRef = 14F740E820F350CE00A3B431 /* _234567890Tests.swift */; };
		14F740F420F350CE00A3B431 /* _234567890UITests.swift in Sources */ = {isa = PBXBuildFile; fileRef = 14F740F320F350CE00A3B431 /* _234567890UITests.swift */; };
/* End PBXBuildFile section */

/* Begin PBXContainerItemProxy section */
		14F740E520F350CE00A3B431 /* PBXContainerItemProxy */ = {
			isa = PBXContainerItemProxy;
			containerPortal = 14F740C820F350CD00A3B431 /* Project object */;
			proxyType = 1;
			remoteGlobalIDString = 14F740CF20F350CD00A3B431;
			remoteInfo = 1234567890;
		};
		14F740F020F350CE00A3B431 /* PBXContainerItemProxy */ = {
			isa = PBXContainerItemProxy;
			containerPortal = 14F740C820F350CD00A3B431 /* Project object */;
			proxyType = 1;
			remoteGlobalIDString = 14F740CF20F350CD00A3B431;
			remoteInfo = 1234567890;
		};
/* End PBXContainerItemProxy section */

/* Begin PBXFileReference section */
		14F740D020F350CD00A3B431 /* 1234567890.app */ = {isa = PBXFileReference; explicitFileType = wrapper.application; includeInIndex = 0; path = 1234567890.app; sourceTree = BUILT_PRODUCTS_DIR; };
		14F740D320F350CD00A3B431 /* AppDelegate.swift */ = {isa = PBXFileReference; lastKnownFileType = sourcecode.swift; path = AppDelegate.swift; sourceTree = "<group>"; };
		14F740D520F350CD00A3B431 /* ViewController.swift */ = {isa = PBXFileReference; lastKnownFileType = sourcecode.swift; path = ViewController.swift; sourceTree = "<group>"; };
		14F740D820F350CD00A3B431 /* Base */ = {isa = PBXFileReference; lastKnownFileType = file.storyboard; name = Base; path = Base.lproj/Main.storyboard; sourceTree = "<group>"; };
		14F740DA20F350CE00A3B431 /* Assets.xcassets */ = {isa = PBXFileReference; lastKnownFileType = folder.assetcatalog; path = Assets.xcassets; sourceTree = "<group>"; };
		14F740DD20F350CE00A3B431 /* Base */ = {isa = PBXFileReference; lastKnownFileType = file.storyboard; name = Base; path = Base.lproj/LaunchScreen.storyboard; sourceTree = "<group>"; };
		14F740DF20F350CE00A3B431 /* Info.plist */ = {isa = PBXFileReference; lastKnownFileType = text.plist.xml; path = Info.plist; sourceTree = "<group>"; };
		14F740E420F350CE00A3B431 /* 1234567890Tests.xctest */ = {isa = PBXFileReference; explicitFileType = wrapper.cfbundle; includeInIndex = 0; path = 1234567890Tests.xctest; sourceTree = BUILT_PRODUCTS_DIR; };
		14F740E820F350CE00A3B431 /* _234567890Tests.swift */ = {isa = PBXFileReference; lastKnownFileType = sourcecode.swift; path = _234567890Tests.swift; sourceTree = "<group>"; };
		14F740EA20F350CE00A3B431 /* Info.plist */ = {isa = PBXFileReference; lastKnownFileType = text.plist.xml; path = Info.plist; sourceTree = "<group>"; };
		14F740EF20F350CE00A3B431 /* 1234567890UITests.xctest */ = {isa = PBXFileReference; explicitFileType = wrapper.cfbundle; includeInIndex = 0; path = 1234567890UITests.xctest; sourceTree = BUILT_PRODUCTS_DIR; };
		14F740F320F350CE00A3B431 /* _234567890UITests.swift */ = {isa = PBXFileReference; lastKnownFileType = sourcecode.swift; path = _234567890UITests.swift; sourceTree = "<group>"; };
		14F740F520F350CE00A3B431 /* Info.plist */ = {isa = PBXFileReference; lastKnownFileType = text.plist.xml; path = Info.plist; sourceTree = "<group>"; };
/* End PBXFileReference section */

/* Begin PBXFrameworksBuildPhase section */
		14F740CD20F350CD00A3B431 /* Frameworks */ = {
			isa = PBXFrameworksBuildPhase;
			buildActionMask = 2147483647;
			files = (
			);
			runOnlyForDeploymentPostprocessing = 0;
		};
		14F740E120F350CE00A3B431 /* Frameworks */ = {
			isa = PBXFrameworksBuildPhase;
			buildActionMask = 2147483647;
			files = (
			);
			runOnlyForDeploymentPostprocessing = 0;
		};
		14F740EC20F350CE00A3B431 /* Frameworks */ = {
			isa = PBXFrameworksBuildPhase;
			buildActionMask = 2147483647;
			files = (
			);
			runOnlyForDeploymentPostprocessing = 0;
		};
/* End PBXFrameworksBuildPhase section */

/* Begin PBXGroup section */
		14F740C720F350CD00A3B431 = {
			isa = PBXGroup;
			children = (
				14F740D220F350CD00A3B431 /* 1234567890 */,
				14F740E720F350CE00A3B431 /* 1234567890Tests */,
				14F740F220F350CE00A3B431 /* 1234567890UITests */,
				14F740D120F350CD00A3B431 /* Products */,
			);
			sourceTree = "<group>";
		};
		14F740D120F350CD00A3B431 /* Products */ = {
			isa = PBXGroup;
			children = (
				14F740D020F350CD00A3B431 /* 1234567890.app */,
				14F740E420F350CE00A3B431 /* 1234567890Tests.xctest */,
				14F740EF20F350CE00A3B431 /* 1234567890UITests.xctest */,
			);
			name = Products;
			sourceTree = "<group>";
		};
		14F740D220F350CD00A3B431 /* 1234567890 */ = {
			isa = PBXGroup;
			children = (
				14F740D320F350CD00A3B431 /* AppDelegate.swift */,
				14F740D520F350CD00A3B431 /* ViewController.swift */,
				14F740D720F350CD00A3B431 /* Main.storyboard */,
				14F740DA20F350CE00A3B431 /* Assets.xcassets */,
				14F740DC20F350CE00A3B431 /* LaunchScreen.storyboard */,
				14F740DF20F350CE00A3B431 /* Info.plist */,
			);
			path = 1234567890;
			sourceTree = "<group>";
		};
		14F740E720F350CE00A3B431 /* 1234567890Tests */ = {
			isa = PBXGroup;
			children = (
				14F740E820F350CE00A3B431 /* _234567890Tests.swift */,
				14F740EA20F350CE00A3B431 /* Info.plist */,
			);
			path = 1234567890Tests;
			sourceTree = "<group>";
		};
		14F740F220F350CE00A3B431 /* 1234567890UITests */ = {
			isa = PBXGroup;
			children = (
				14F740F320F350CE00A3B431 /* _234567890UITests.swift */,
				14F740F520F350CE00A3B431 /* Info.plist */,
			);
			path = 1234567890UITests;
			sourceTree = "<group>";
		};
/* End PBXGroup section */

/* Begin PBXNativeTarget section */
		14F740CF20F350CD00A3B431 /* 1234567890 */ = {
			isa = PBXNativeTarget;
			buildConfigurationList = 14F740F820F350CE00A3B431 /* Build configuration list for PBXNativeTarget "1234567890" */;
			buildPhases = (
				14F740CC20F350CD00A3B431 /* Sources */,
				14F740CD20F350CD00A3B431 /* Frameworks */,
				14F740CE20F350CD00A3B431 /* Resources */,
			);
			buildRules = (
			);
			dependencies = (
			);
			name = 1234567890;
			productName = 1234567890;
			productReference = 14F740D020F350CD00A3B431 /* 1234567890.app */;
			productType = "com.apple.product-type.application";
		};
		14F740E320F350CE00A3B431 /* 1234567890Tests */ = {
			isa = PBXNativeTarget;
			buildConfigurationList = 14F740FB20F350CE00A3B431 /* Build configuration list for PBXNativeTarget "1234567890Tests" */;
			buildPhases = (
				14F740E020F350CE00A3B431 /* Sources */,
				14F740E120F350CE00A3B431 /* Frameworks */,
				14F740E220F350CE00A3B431 /* Resources */,
			);
			buildRules = (
			);
			dependencies = (
				14F740E620F350CE00A3B431 /* PBXTargetDependency */,
			);
			name = 1234567890Tests;
			productName = 1234567890Tests;
			productReference = 14F740E420F350CE00A3B431 /* 1234567890Tests.xctest */;
			productType = "com.apple.product-type.bundle.unit-test";
		};
		14F740EE20F350CE00A3B431 /* 1234567890UITests */ = {
			isa = PBXNativeTarget;
			buildConfigurationList = 14F740FE20F350CE00A3B431 /* Build configuration list for PBXNativeTarget "1234567890UITests" */;
			buildPhases = (
				14F740EB20F350CE00A3B431 /* Sources */,
				14F740EC20F350CE00A3B431 /* Frameworks */,
				14F740ED20F350CE00A3B431 /* Resources */,
			);
			buildRules = (
			);
			dependencies = (
				14F740F120F350CE00A3B431 /* PBXTargetDependency */,
			);
			name = 1234567890UITests;
			productName = 1234567890UITests;
			productReference = 14F740EF20F350CE00A3B431 /* 1234567890UITests.xctest */;
			productType = "com.apple.product-type.bundle.ui-testing";
		};
/* End PBXNativeTarget section */

/* Begin PBXProject section */
		14F740C820F350CD00A3B431 /* Project object */ = {
			isa = PBXProject;
			attributes = {
				LastSwiftUpdateCheck = 0940;
				LastUpgradeCheck = 0940;
				ORGANIZATIONNAME = sean;
				TargetAttributes = {
					14F740CF20F350CD00A3B431 = {
						CreatedOnToolsVersion = 9.4.1;
					};
					14F740E320F350CE00A3B431 = {
						CreatedOnToolsVersion = 9.4.1;
						TestTargetID = 14F740CF20F350CD00A3B431;
					};
					14F740EE20F350CE00A3B431 = {
						CreatedOnToolsVersion = 9.4.1;
						TestTargetID = 14F740CF20F350CD00A3B431;
					};
				};
			};
			buildConfigurationList = 14F740CB20F350CD00A3B431 /* Build configuration list for PBXProject "1234567890" */;
			compatibilityVersion = "Xcode 9.3";
			developmentRegion = en;
			hasScannedForEncodings = 0;
			knownRegions = (
				en,
				Base,
			);
			mainGroup = 14F740C720F350CD00A3B431;
			productRefGroup = 14F740D120F350CD00A3B431 /* Products */;
			projectDirPath = "";
			projectRoot = "";
			targets = (
				14F740CF20F350CD00A3B431 /* 1234567890 */,
				14F740E320F350CE00A3B431 /* 1234567890Tests */,
				14F740EE20F350CE00A3B431 /* 1234567890UITests */,
			);
		};
/* End PBXProject section */

/* Begin PBXResourcesBuildPhase section */
		14F740CE20F350CD00A3B431 /* Resources */ = {
			isa = PBXResourcesBuildPhase;
			buildActionMask = 2147483647;
			files = (
				14F740DE20F350CE00A3B431 /* LaunchScreen.storyboard in Resources */,
				14F740DB20F350CE00A3B431 /* Assets.xcassets in Resources */,
				14F740D920F350CD00A3B431 /* Main.storyboard in Resources */,
			);
			runOnlyForDeploymentPostprocessing = 0;
		};
		14F740E220F350CE00A3B431 /* Resources */ = {
			isa = PBXResourcesBuildPhase;
			buildActionMask = 2147483647;
			files = (
			);
			runOnlyForDeploymentPostprocessing = 0;
		};
		14F740ED20F350CE00A3B431 /* Resources */ = {
			isa = PBXResourcesBuildPhase;
			buildActionMask = 2147483647;
			files = (
			);
			runOnlyForDeploymentPostprocessing = 0;
		};
/* End PBXResourcesBuildPhase section */

/* Begin PBXSourcesBuildPhase section */
		14F740CC20F350CD00A3B431 /* Sources */ = {
			isa = PBXSourcesBuildPhase;
			buildActionMask = 2147483647;
			files = (
				14F740D620F350CD00A3B431 /* ViewController.swift in Sources */,
				14F740D420F350CD00A3B431 /* AppDelegate.swift in Sources */,
			);
			runOnlyForDeploymentPostprocessing = 0;
		};
		14F740E020F350CE00A3B431 /* Sources */ = {
			isa = PBXSourcesBuildPhase;
			buildActionMask = 2147483647;
			files = (
				14F740E920F350CE00A3B431 /* _234567890Tests.swift in Sources */,
			);
			runOnlyForDeploymentPostprocessing = 0;
		};
		14F740EB20F350CE00A3B431 /* Sources */ = {
			isa = PBXSourcesBuildPhase;
			buildActionMask = 2147483647;
			files = (
				14F740F420F350CE00A3B431 /* _234567890UITests.swift in Sources */,
			);
			runOnlyForDeploymentPostprocessing = 0;
		};
/* End PBXSourcesBuildPhase section */

/* Begin PBXTargetDependency section */
		14F740E620F350CE00A3B431 /* PBXTargetDependency */ = {
			isa = PBXTargetDependency;
			target = 14F740CF20F350CD00A3B431 /* 1234567890 */;
			targetProxy = 14F740E520F350CE00A3B431 /* PBXContainerItemProxy */;
		};
		14F740F120F350CE00A3B431 /* PBXTargetDependency */ = {
			isa = PBXTargetDependency;
			target = 14F740CF20F350CD00A3B431 /* 1234567890 */;
			targetProxy = 14F740F020F350CE00A3B431 /* PBXContainerItemProxy */;
		};
/* End PBXTargetDependency section */

/* Begin PBXVariantGroup section */
		14F740D720F350CD00A3B431 /* Main.storyboard */ = {
			isa = PBXVariantGroup;
			children = (
				14F740D820F350CD00A3B431 /* Base */,
			);
			name = Main.storyboard;
			sourceTree = "<group>";
		};
		14F740DC20F350CE00A3B431 /* LaunchScreen.storyboard */ = {
			isa = PBXVariantGroup;
			children = (
				14F740DD20F350CE00A3B431 /* Base */,
			);
			name = LaunchScreen.storyboard;
			sourceTree = "<group>";
		};
/* End PBXVariantGroup section */

/* Begin XCBuildConfiguration section */
		14F740F620F350CE00A3B431 /* Debug */ = {
			isa = XCBuildConfiguration;
			buildSettings = {
				ALWAYS_SEARCH_USER_PATHS = NO;
				CLANG_ANALYZER_NONNULL = YES;
				CLANG_ANALYZER_NUMBER_OBJECT_CONVERSION = YES_AGGRESSIVE;
				CLANG_CXX_LANGUAGE_STANDARD = "gnu++14";
				CLANG_CXX_LIBRARY = "libc++";
				CLANG_ENABLE_MODULES = YES;
				CLANG_ENABLE_OBJC_ARC = YES;
				CLANG_ENABLE_OBJC_WEAK = YES;
				CLANG_WARN_BLOCK_CAPTURE_AUTORELEASING = YES;
				CLANG_WARN_BOOL_CONVERSION = YES;
				CLANG_WARN_COMMA = YES;
				CLANG_WARN_CONSTANT_CONVERSION = YES;
				CLANG_WARN_DEPRECATED_OBJC_IMPLEMENTATIONS = YES;
				CLANG_WARN_DIRECT_OBJC_ISA_USAGE = YES_ERROR;
				CLANG_WARN_DOCUMENTATION_COMMENTS = YES;
				CLANG_WARN_EMPTY_BODY = YES;
				CLANG_WARN_ENUM_CONVERSION = YES;
				CLANG_WARN_INFINITE_RECURSION = YES;
				CLANG_WARN_INT_CONVERSION = YES;
				CLANG_WARN_NON_LITERAL_NULL_CONVERSION = YES;
				CLANG_WARN_OBJC_IMPLICIT_RETAIN_SELF = YES;
				CLANG_WARN_OBJC_LITERAL_CONVERSION = YES;
				CLANG_WARN_OBJC_ROOT_CLASS = YES_ERROR;
				CLANG_WARN_RANGE_LOOP_ANALYSIS = YES;
				CLANG_WARN_STRICT_PROTOTYPES = YES;
				CLANG_WARN_SUSPICIOUS_MOVE = YES;
				CLANG_WARN_UNGUARDED_AVAILABILITY = YES_AGGRESSIVE;
				CLANG_WARN_UNREACHABLE_CODE = YES;
				CLANG_WARN__DUPLICATE_METHOD_MATCH = YES;
				CODE_SIGN_IDENTITY = "iPhone Developer";
				COPY_PHASE_STRIP = NO;
				DEBUG_INFORMATION_FORMAT = dwarf;
				ENABLE_STRICT_OBJC_MSGSEND = YES;
				ENABLE_TESTABILITY = YES;
				GCC_C_LANGUAGE_STANDARD = gnu11;
				GCC_DYNAMIC_NO_PIC = NO;
				GCC_NO_COMMON_BLOCKS = YES;
				GCC_OPTIMIZATION_LEVEL = 0;
				GCC_PREPROCESSOR_DEFINITIONS = (
					"DEBUG=1",
					"$(inherited)",
				);
				GCC_WARN_64_TO_32_BIT_CONVERSION = YES;
				GCC_WARN_ABOUT_RETURN_TYPE = YES_ERROR;
				GCC_WARN_UNDECLARED_SELECTOR = YES;
				GCC_WARN_UNINITIALIZED_AUTOS = YES_AGGRESSIVE;
				GCC_WARN_UNUSED_FUNCTION = YES;
				GCC_WARN_UNUSED_VARIABLE = YES;
				IPHONEOS_DEPLOYMENT_TARGET = 11.4;
				MTL_ENABLE_DEBUG_INFO = YES;
				ONLY_ACTIVE_ARCH = YES;
				SDKROOT = iphoneos;
				SWIFT_ACTIVE_COMPILATION_CONDITIONS = DEBUG;
				SWIFT_OPTIMIZATION_LEVEL = "-Onone";
			};
			name = Debug;
		};
		14F740F720F350CE00A3B431 /* Release */ = {
			isa = XCBuildConfiguration;
			buildSettings = {
				ALWAYS_SEARCH_USER_PATHS = NO;
				CLANG_ANALYZER_NONNULL = YES;
				CLANG_ANALYZER_NUMBER_OBJECT_CONVERSION = YES_AGGRESSIVE;
				CLANG_CXX_LANGUAGE_STANDARD = "gnu++14";
				CLANG_CXX_LIBRARY = "libc++";
				CLANG_ENABLE_MODULES = YES;
				CLANG_ENABLE_OBJC_ARC = YES;
				CLANG_ENABLE_OBJC_WEAK = YES;
				CLANG_WARN_BLOCK_CAPTURE_AUTORELEASING = YES;
				CLANG_WARN_BOOL_CONVERSION = YES;
				CLANG_WARN_COMMA = YES;
				CLANG_WARN_CONSTANT_CONVERSION = YES;
				CLANG_WARN_DEPRECATED_OBJC_IMPLEMENTATIONS = YES;
				CLANG_WARN_DIRECT_OBJC_ISA_USAGE = YES_ERROR;
				CLANG_WARN_DOCUMENTATION_COMMENTS = YES;
				CLANG_WARN_EMPTY_BODY = YES;
				CLANG_WARN_ENUM_CONVERSION = YES;
				CLANG_WARN_INFINITE_RECURSION = YES;
				CLANG_WARN_INT_CONVERSION = YES;
				CLANG_WARN_NON_LITERAL_NULL_CONVERSION = YES;
				CLANG_WARN_OBJC_IMPLICIT_RETAIN_SELF = YES;
				CLANG_WARN_OBJC_LITERAL_CONVERSION = YES;
				CLANG_WARN_OBJC_ROOT_CLASS = YES_ERROR;
				CLANG_WARN_RANGE_LOOP_ANALYSIS = YES;
				CLANG_WARN_STRICT_PROTOTYPES = YES;
				CLANG_WARN_SUSPICIOUS_MOVE = YES;
				CLANG_WARN_UNGUARDED_AVAILABILITY = YES_AGGRESSIVE;
				CLANG_WARN_UNREACHABLE_CODE = YES;
				CLANG_WARN__DUPLICATE_METHOD_MATCH = YES;
				CODE_SIGN_IDENTITY = "iPhone Developer";
				COPY_PHASE_STRIP = NO;
				DEBUG_INFORMATION_FORMAT = "dwarf-with-dsym";
				ENABLE_NS_ASSERTIONS = NO;
				ENABLE_STRICT_OBJC_MSGSEND = YES;
				GCC_C_LANGUAGE_STANDARD = gnu11;
				GCC_NO_COMMON_BLOCKS = YES;
				GCC_WARN_64_TO_32_BIT_CONVERSION = YES;
				GCC_WARN_ABOUT_RETURN_TYPE = YES_ERROR;
				GCC_WARN_UNDECLARED_SELECTOR = YES;
				GCC_WARN_UNINITIALIZED_AUTOS = YES_AGGRESSIVE;
				GCC_WARN_UNUSED_FUNCTION = YES;
				GCC_WARN_UNUSED_VARIABLE = YES;
				IPHONEOS_DEPLOYMENT_TARGET = 11.4;
				MTL_ENABLE_DEBUG_INFO = NO;
				SDKROOT = iphoneos;
				SWIFT_COMPILATION_MODE = wholemodule;
				SWIFT_OPTIMIZATION_LEVEL = "-O";
				VALIDATE_PRODUCT = YES;
			};
			name = Release;
		};
		14F740F920F350CE00A3B431 /* Debug */ = {
			isa = XCBuildConfiguration;
			buildSettings = {
				ASSETCATALOG_COMPILER_APPICON_NAME = AppIcon;
				CODE_SIGN_STYLE = Automatic;
				INFOPLIST_FILE = 1234567890/Info.plist;
				LD_RUNPATH_SEARCH_PATHS = (
					"$(inherited)",
					"@executable_path/Frameworks",
				);
				PRODUCT_BUNDLE_IDENTIFIER = "sean.-234567890";
				PRODUCT_NAME = "$(TARGET_NAME)";
				SWIFT_VERSION = 4.0;
				TARGETED_DEVICE_FAMILY = "1,2";
			};
			name = Debug;
		};
		14F740FA20F350CE00A3B431 /* Release */ = {
			isa = XCBuildConfiguration;
			buildSettings = {
				ASSETCATALOG_COMPILER_APPICON_NAME = AppIcon;
				CODE_SIGN_STYLE = Automatic;
				INFOPLIST_FILE = 1234567890/Info.plist;
				LD_RUNPATH_SEARCH_PATHS = (
					"$(inherited)",
					"@executable_path/Frameworks",
				);
				PRODUCT_BUNDLE_IDENTIFIER = "sean.-234567890";
				PRODUCT_NAME = "$(TARGET_NAME)";
				SWIFT_VERSION = 4.0;
				TARGETED_DEVICE_FAMILY = "1,2";
			};
			name = Release;
		};
		14F740FC20F350CE00A3B431 /* Debug */ = {
			isa = XCBuildConfiguration;
			buildSettings = {
				ALWAYS_EMBED_SWIFT_STANDARD_LIBRARIES = YES;
				BUNDLE_LOADER = "$(TEST_HOST)";
				CODE_SIGN_STYLE = Automatic;
				INFOPLIST_FILE = 1234567890Tests/Info.plist;
				LD_RUNPATH_SEARCH_PATHS = (
					"$(inherited)",
					"@executable_path/Frameworks",
					"@loader_path/Frameworks",
				);
				PRODUCT_BUNDLE_IDENTIFIER = "sean.-234567890Tests";
				PRODUCT_NAME = "$(TARGET_NAME)";
				SWIFT_VERSION = 4.0;
				TARGETED_DEVICE_FAMILY = "1,2";
				TEST_HOST = "$(BUILT_PRODUCTS_DIR)/1234567890.app/1234567890";
			};
			name = Debug;
		};
		14F740FD20F350CE00A3B431 /* Release */ = {
			isa = XCBuildConfiguration;
			buildSettings = {
				ALWAYS_EMBED_SWIFT_STANDARD_LIBRARIES = YES;
				BUNDLE_LOADER = "$(TEST_HOST)";
				CODE_SIGN_STYLE = Automatic;
				INFOPLIST_FILE = 1234567890Tests/Info.plist;
				LD_RUNPATH_SEARCH_PATHS = (
					"$(inherited)",
					"@executable_path/Frameworks",
					"@loader_path/Frameworks",
				);
				PRODUCT_BUNDLE_IDENTIFIER = "sean.-234567890Tests";
				PRODUCT_NAME = "$(TARGET_NAME)";
				SWIFT_VERSION = 4.0;
				TARGETED_DEVICE_FAMILY = "1,2";
				TEST_HOST = "$(BUILT_PRODUCTS_DIR)/1234567890.app/1234567890";
			};
			name = Release;
		};
		14F740FF20F350CE00A3B431 /* Debug */ = {
			isa = XCBuildConfiguration;
			buildSettings = {
				ALWAYS_EMBED_SWIFT_STANDARD_LIBRARIES = YES;
				CODE_SIGN_STYLE = Automatic;
				INFOPLIST_FILE = 1234567890UITests/Info.plist;
				LD_RUNPATH_SEARCH_PATHS = (
					"$(inherited)",
					"@executable_path/Frameworks",
					"@loader_path/Frameworks",
				);
				PRODUCT_BUNDLE_IDENTIFIER = "sean.-234567890UITests";
				PRODUCT_NAME = "$(TARGET_NAME)";
				SWIFT_VERSION = 4.0;
				TARGETED_DEVICE_FAMILY = "1,2";
				TEST_TARGET_NAME = 1234567890;
			};
			name = Debug;
		};
		14F7410020F350CE00A3B431 /* Release */ = {
			isa = XCBuildConfiguration;
			buildSettings = {
				ALWAYS_EMBED_SWIFT_STANDARD_LIBRARIES = YES;
				CODE_SIGN_STYLE = Automatic;
				INFOPLIST_FILE = 1234567890UITests/Info.plist;
				LD_RUNPATH_SEARCH_PATHS = (
					"$(inherited)",
					"@executable_path/Frameworks",
					"@loader_path/Frameworks",
				);
				PRODUCT_BUNDLE_IDENTIFIER = "sean.-234567890UITests";
				PRODUCT_NAME = "$(TARGET_NAME)";
				SWIFT_VERSION = 4.0;
				TARGETED_DEVICE_FAMILY = "1,2";
				TEST_TARGET_NAME = 1234567890;
			};
			name = Release;
		};
/* End XCBuildConfiguration section */

/* Begin XCConfigurationList section */
		14F740CB20F350CD00A3B431 /* Build configuration list for PBXProject "1234567890" */ = {
			isa = XCConfigurationList;
			buildConfigurations = (
				14F740F620F350CE00A3B431 /* Debug */,
				14F740F720F350CE00A3B431 /* Release */,
			);
			defaultConfigurationIsVisible = 0;
			defaultConfigurationName = Release;
		};
		14F740F820F350CE00A3B431 /* Build configuration list for PBXNativeTarget "1234567890" */ = {
			isa = XCConfigurationList;
			buildConfigurations = (
				14F740F920F350CE00A3B431 /* Debug */,
				14F740FA20F350CE00A3B431 /* Release */,
			);
			defaultConfigurationIsVisible = 0;
			defaultConfigurationName = Release;
		};
		14F740FB20F350CE00A3B431 /* Build configuration list for PBXNativeTarget "1234567890Tests" */ = {
			isa = XCConfigurationList;
			buildConfigurations = (
				14F740FC20F350CE00A3B431 /* Debug */,
				14F740FD20F350CE00A3B431 /* Release */,
			);
			defaultConfigurationIsVisible = 0;
			defaultConfigurationName = Release;
		};
		14F740FE20F350CE00A3B431 /* Build configuration list for PBXNativeTarget "1234567890UITests" */ = {
			isa = XCConfigurationList;
			buildConfigurations = (
				14F740FF20F350CE00A3B431 /* Debug */,
				14F7410020F350CE00A3B431 /* Release */,
			);
			defaultConfigurationIsVisible = 0;
			defaultConfigurationName = Release;
		};
/* End XCConfigurationList section */
	};
	rootObject = 14F740C820F350CD00A3B431 /* Project object */;
}
